
Microsoft Visual Studio Solution File, Format Version 12.00
# Visual Studio Version 17
VisualStudioVersion = 17.7.34031.279
MinimumVisualStudioVersion = 10.0.40219.1
Project("{FAE04EC0-301F-11D3-BF4B-00C04F79EFBC}") = "vowels and consonant", "vowels and consonant\vowels and consonant.csproj", "{4A880507-7268-4890-85AC-55130CDAE8AE}"
EndProject
Global
	GlobalSection(SolutionConfigurationPlatforms) = preSolution
		Debug|Any CPU = Debug|Any CPU
		Release|Any CPU = Release|Any CPU
	EndGlobalSection
	GlobalSection(ProjectConfigurationPlatforms) = postSolution
		{4A880507-7268-4890-85AC-55130CDAE8AE}.Debug|Any CPU.ActiveCfg = Debug|Any CPU
		{4A880507-7268-4890-85AC-55130CDAE8AE}.Debug|Any CPU.Build.0 = Debug|Any CPU
		{4A880507-7268-4890-85AC-55130CDAE8AE}.Release|Any CPU.ActiveCfg = Release|Any CPU
		{4A880507-7268-4890-85AC-55130CDAE8AE}.Release|Any CPU.Build.0 = Release|Any CPU
	EndGlobalSection
	GlobalSection(SolutionProperties) = preSolution
		HideSolutionNode = FALSE
	EndGlobalSection
	GlobalSection(ExtensibilityGlobals) = postSolution
		SolutionGuid = {6A51457C-D97C-47AB-9148-C4605B4DA86A}
	EndGlobalSection
EndGlobal
