
Microsoft Visual Studio Solution File, Format Version 12.00
# Visual Studio Version 17
VisualStudioVersion = 17.7.34031.279
MinimumVisualStudioVersion = 10.0.40219.1
Project("{FAE04EC0-301F-11D3-BF4B-00C04F79EFBC}") = "max number form 3", "max number form 3\max number form 3.csproj", "{6FB6F397-0C43-4E87-84D6-70AC260DA953}"
EndProject
Global
	GlobalSection(SolutionConfigurationPlatforms) = preSolution
		Debug|Any CPU = Debug|Any CPU
		Release|Any CPU = Release|Any CPU
	EndGlobalSection
	GlobalSection(ProjectConfigurationPlatforms) = postSolution
		{6FB6F397-0C43-4E87-84D6-70AC260DA953}.Debug|Any CPU.ActiveCfg = Debug|Any CPU
		{6FB6F397-0C43-4E87-84D6-70AC260DA953}.Debug|Any CPU.Build.0 = Debug|Any CPU
		{6FB6F397-0C43-4E87-84D6-70AC260DA953}.Release|Any CPU.ActiveCfg = Release|Any CPU
		{6FB6F397-0C43-4E87-84D6-70AC260DA953}.Release|Any CPU.Build.0 = Release|Any CPU
	EndGlobalSection
	GlobalSection(SolutionProperties) = preSolution
		HideSolutionNode = FALSE
	EndGlobalSection
	GlobalSection(ExtensibilityGlobals) = postSolution
		SolutionGuid = {8965B8DA-2515-4491-AC6C-CDE3C65FD9A6}
	EndGlobalSection
EndGlobal
