
Microsoft Visual Studio Solution File, Format Version 12.00
# Visual Studio Version 17
VisualStudioVersion = 17.7.34031.279
MinimumVisualStudioVersion = 10.0.40219.1
Project("{FAE04EC0-301F-11D3-BF4B-00C04F79EFBC}") = "pattern 6", "pattern 6\pattern 6.csproj", "{93AF0536-AFF6-428C-978D-26505C793FBA}"
EndProject
Global
	GlobalSection(SolutionConfigurationPlatforms) = preSolution
		Debug|Any CPU = Debug|Any CPU
		Release|Any CPU = Release|Any CPU
	EndGlobalSection
	GlobalSection(ProjectConfigurationPlatforms) = postSolution
		{93AF0536-AFF6-428C-978D-26505C793FBA}.Debug|Any CPU.ActiveCfg = Debug|Any CPU
		{93AF0536-AFF6-428C-978D-26505C793FBA}.Debug|Any CPU.Build.0 = Debug|Any CPU
		{93AF0536-AFF6-428C-978D-26505C793FBA}.Release|Any CPU.ActiveCfg = Release|Any CPU
		{93AF0536-AFF6-428C-978D-26505C793FBA}.Release|Any CPU.Build.0 = Release|Any CPU
	EndGlobalSection
	GlobalSection(SolutionProperties) = preSolution
		HideSolutionNode = FALSE
	EndGlobalSection
	GlobalSection(ExtensibilityGlobals) = postSolution
		SolutionGuid = {2BE63CD4-1CCD-464F-9024-66533210AE60}
	EndGlobalSection
EndGlobal
