
Microsoft Visual Studio Solution File, Format Version 12.00
# Visual Studio Version 17
VisualStudioVersion = 17.7.34031.279
MinimumVisualStudioVersion = 10.0.40219.1
Project("{FAE04EC0-301F-11D3-BF4B-00C04F79EFBC}") = "swap value", "swap value\swap value.csproj", "{1B99DC56-F913-4571-9A3A-113A92D6DD27}"
EndProject
Global
	GlobalSection(SolutionConfigurationPlatforms) = preSolution
		Debug|Any CPU = Debug|Any CPU
		Release|Any CPU = Release|Any CPU
	EndGlobalSection
	GlobalSection(ProjectConfigurationPlatforms) = postSolution
		{1B99DC56-F913-4571-9A3A-113A92D6DD27}.Debug|Any CPU.ActiveCfg = Debug|Any CPU
		{1B99DC56-F913-4571-9A3A-113A92D6DD27}.Debug|Any CPU.Build.0 = Debug|Any CPU
		{1B99DC56-F913-4571-9A3A-113A92D6DD27}.Release|Any CPU.ActiveCfg = Release|Any CPU
		{1B99DC56-F913-4571-9A3A-113A92D6DD27}.Release|Any CPU.Build.0 = Release|Any CPU
	EndGlobalSection
	GlobalSection(SolutionProperties) = preSolution
		HideSolutionNode = FALSE
	EndGlobalSection
	GlobalSection(ExtensibilityGlobals) = postSolution
		SolutionGuid = {6B93F2F7-5E76-4466-BB30-17F38E16D39F}
	EndGlobalSection
EndGlobal
